// !$*UTF8*$!
{
	archiveVersion = 1;
	classes = {
	};
	objectVersion = 55;
	objects = {

/* Begin PBXBuildFile section */
		49028FC238C61DFA4203A58F /* Pods_Html.framework in Frameworks */ = {isa = PBXBuildFile; fileRef = D0084EA930F5EAECCB5EF7E1 /* Pods_Html.framework */; };
		7F2B5B472749E3E5004D440A /* AppDelegate.swift in Sources */ = {isa = PBXBuildFile; fileRef = 7F2B5B462749E3E5004D440A /* AppDelegate.swift */; };
		7F2B5B492749E3E5004D440A /* SceneDelegate.swift in Sources */ = {isa = PBXBuildFile; fileRef = 7F2B5B482749E3E5004D440A /* SceneDelegate.swift */; };
		7F2B5B4B2749E3E5004D440A /* ViewController.swift in Sources */ = {isa = PBXBuildFile; fileRef = 7F2B5B4A2749E3E5004D440A /* ViewController.swift */; };
		7F2B5B4E2749E3E5004D440A /* Main.storyboard in Resources */ = {isa = PBXBuildFile; fileRef = 7F2B5B4C2749E3E5004D440A /* Main.storyboard */; };
		7F2B5B502749E3E6004D440A /* Assets.xcassets in Resources */ = {isa = PBXBuildFile; fileRef = 7F2B5B4F2749E3E6004D440A /* Assets.xcassets */; };
		7F2B5B532749E3E6004D440A /* LaunchScreen.storyboard in Resources */ = {isa = PBXBuildFile; fileRef = 7F2B5B512749E3E6004D440A /* LaunchScreen.storyboard */; };
/* End PBXBuildFile section */

/* Begin PBXFileReference section */
		0DE05AC8D77E265B652CD314 /* Pods-Html.release.xcconfig */ = {isa = PBXFileReference; includeInIndex = 1; lastKnownFileType = text.xcconfig; name = "Pods-Html.release.xcconfig"; path = "Target Support Files/Pods-Html/Pods-Html.release.xcconfig"; sourceTree = "<group>"; };
		7F2B5B432749E3E5004D440A /* Html.app */ = {isa = PBXFileReference; explicitFileType = wrapper.application; includeInIndex = 0; path = Html.app; sourceTree = BUILT_PRODUCTS_DIR; };
		7F2B5B462749E3E5004D440A /* AppDelegate.swift */ = {isa = PBXFileReference; lastKnownFileType = sourcecode.swift; path = AppDelegate.swift; sourceTree = "<group>"; };
		7F2B5B482749E3E5004D440A /* SceneDelegate.swift */ = {isa = PBXFileReference; lastKnownFileType = sourcecode.swift; path = SceneDelegate.swift; sourceTree = "<group>"; };
		7F2B5B4A2749E3E5004D440A /* ViewController.swift */ = {isa = PBXFileReference; lastKnownFileType = sourcecode.swift; path = ViewController.swift; sourceTree = "<group>"; };
		7F2B5B4D2749E3E5004D440A /* Base */ = {isa = PBXFileReference; lastKnownFileType = file.storyboard; name = Base; path = Base.lproj/Main.storyboard; sourceTree = "<group>"; };
		7F2B5B4F2749E3E6004D440A /* Assets.xcassets */ = {isa = PBXFileReference; lastKnownFileType = folder.assetcatalog; path = Assets.xcassets; sourceTree = "<group>"; };
		7F2B5B522749E3E6004D440A /* Base */ = {isa = PBXFileReference; lastKnownFileType = file.storyboard; name = Base; path = Base.lproj/LaunchScreen.storyboard; sourceTree = "<group>"; };
		7F2B5B542749E3E6004D440A /* Info.plist */ = {isa = PBXFileReference; lastKnownFileType = text.plist.xml; path = Info.plist; sourceTree = "<group>"; };
		90BF7050CA20944550BF5ECA /* Pods-Html.debug.xcconfig */ = {isa = PBXFileReference; includeInIndex = 1; lastKnownFileType = text.xcconfig; name = "Pods-Html.debug.xcconfig"; path = "Target Support Files/Pods-Html/Pods-Html.debug.xcconfig"; sourceTree = "<group>"; };
		D0084EA930F5EAECCB5EF7E1 /* Pods_Html.framework */ = {isa = PBXFileReference; explicitFileType = wrapper.framework; includeInIndex = 0; path = Pods_Html.framework; sourceTree = BUILT_PRODUCTS_DIR; };
/* End PBXFileReference section */

/* Begin PBXFrameworksBuildPhase section */
		7F2B5B402749E3E5004D440A /* Frameworks */ = {
			isa = PBXFrameworksBuildPhase;
			buildActionMask = 2147483647;
			files = (
				49028FC238C61DFA4203A58F /* Pods_Html.framework in Frameworks */,
			);
			runOnlyForDeploymentPostprocessing = 0;
		};
/* End PBXFrameworksBuildPhase section */

/* Begin PBXGroup section */
		7F2B5B3A2749E3E5004D440A = {
			isa = PBXGroup;
			children = (
				7F2B5B452749E3E5004D440A /* Html */,
				7F2B5B442749E3E5004D440A /* Products */,
				7FBF820B274C893700511000 /* Frameworks */,
				FBF2E15953D40000726A5D36 /* Pods */,
			);
			sourceTree = "<group>";
		};
		7F2B5B442749E3E5004D440A /* Products */ = {
			isa = PBXGroup;
			children = (
				7F2B5B432749E3E5004D440A /* Html.app */,
			);
			name = Products;
			sourceTree = "<group>";
		};
		7F2B5B452749E3E5004D440A /* Html */ = {
			isa = PBXGroup;
			children = (
				7F2B5B462749E3E5004D440A /* AppDelegate.swift */,
				7F2B5B482749E3E5004D440A /* SceneDelegate.swift */,
				7F2B5B4A2749E3E5004D440A /* ViewController.swift */,
				7F2B5B4C2749E3E5004D440A /* Main.storyboard */,
				7F2B5B4F2749E3E6004D440A /* Assets.xcassets */,
				7F2B5B512749E3E6004D440A /* LaunchScreen.storyboard */,
				7F2B5B542749E3E6004D440A /* Info.plist */,
			);
			path = Html;
			sourceTree = "<group>";
		};
		7FBF820B274C893700511000 /* Frameworks */ = {
			isa = PBXGroup;
			children = (
				D0084EA930F5EAECCB5EF7E1 /* Pods_Html.framework */,
			);
			name = Frameworks;
			sourceTree = "<group>";
		};
		FBF2E15953D40000726A5D36 /* Pods */ = {
			isa = PBXGroup;
			children = (
				90BF7050CA20944550BF5ECA /* Pods-Html.debug.xcconfig */,
				0DE05AC8D77E265B652CD314 /* Pods-Html.release.xcconfig */,
			);
			name = Pods;
			path = Pods;
			sourceTree = "<group>";
		};
/* End PBXGroup section */

/* Begin PBXNativeTarget section */
		7F2B5B422749E3E5004D440A /* Html */ = {
			isa = PBXNativeTarget;
			buildConfigurationList = 7F2B5B572749E3E6004D440A /* Build configuration list for PBXNativeTarget "Html" */;
			buildPhases = (
				959A2A1BB57F01A5BB600DC1 /* [CP] Check Pods Manifest.lock */,
				7F2B5B3F2749E3E5004D440A /* Sources */,
				7F2B5B402749E3E5004D440A /* Frameworks */,
				7F2B5B412749E3E5004D440A /* Resources */,
				D126BC33DC6E48B8636EFA67 /* [CP] Embed Pods Frameworks */,
			);
			buildRules = (
			);
			dependencies = (
			);
			name = Html;
			productName = Html;
			productReference = 7F2B5B432749E3E5004D440A /* Html.app */;
			productType = "com.apple.product-type.application";
		};
/* End PBXNativeTarget section */

/* Begin PBXProject section */
		7F2B5B3B2749E3E5004D440A /* Project object */ = {
			isa = PBXProject;
			attributes = {
				BuildIndependentTargetsInParallel = 1;
				LastSwiftUpdateCheck = 1310;
				LastUpgradeCheck = 1310;
				TargetAttributes = {
					7F2B5B422749E3E5004D440A = {
						CreatedOnToolsVersion = 13.1;
					};
				};
			};
			buildConfigurationList = 7F2B5B3E2749E3E5004D440A /* Build configuration list for PBXProject "Html" */;
			compatibilityVersion = "Xcode 13.0";
			developmentRegion = en;
			hasScannedForEncodings = 0;
			knownRegions = (
				en,
				Base,
			);
			mainGroup = 7F2B5B3A2749E3E5004D440A;
			productRefGroup = 7F2B5B442749E3E5004D440A /* Products */;
			projectDirPath = "";
			projectRoot = "";
			targets = (
				7F2B5B422749E3E5004D440A /* Html */,
			);
		};
/* End PBXProject section */

/* Begin PBXResourcesBuildPhase section */
		7F2B5B412749E3E5004D440A /* Resources */ = {
			isa = PBXResourcesBuildPhase;
			buildActionMask = 2147483647;
			files = (
				7F2B5B532749E3E6004D440A /* LaunchScreen.storyboard in Resources */,
				7F2B5B502749E3E6004D440A /* Assets.xcassets in Resources */,
				7F2B5B4E2749E3E5004D440A /* Main.storyboard in Resources */,
			);
			runOnlyForDeploymentPostprocessing = 0;
		};
/* End PBXResourcesBuildPhase section */

/* Begin PBXShellScriptBuildPhase section */
		959A2A1BB57F01A5BB600DC1 /* [CP] Check Pods Manifest.lock */ = {
			isa = PBXShellScriptBuildPhase;
			buildActionMask = 2147483647;
			files = (
			);
			inputFileListPaths = (
			);
			inputPaths = (
				"${PODS_PODFILE_DIR_PATH}/Podfile.lock",
				"${PODS_ROOT}/Manifest.lock",
			);
			name = "[CP] Check Pods Manifest.lock";
			outputFileListPaths = (
			);
			outputPaths = (
				"$(DERIVED_FILE_DIR)/Pods-Html-checkManifestLockResult.txt",
			);
			runOnlyForDeploymentPostprocessing = 0;
			shellPath = /bin/sh;
			shellScript = "diff \"${PODS_PODFILE_DIR_PATH}/Podfile.lock\" \"${PODS_ROOT}/Manifest.lock\" > /dev/null\nif [ $? != 0 ] ; then\n    # print error to STDERR\n    echo \"error: The sandbox is not in sync with the Podfile.lock. Run 'pod install' or update your CocoaPods installation.\" >&2\n    exit 1\nfi\n# This output is used by Xcode 'outputs' to avoid re-running this script phase.\necho \"SUCCESS\" > \"${SCRIPT_OUTPUT_FILE_0}\"\n";
			showEnvVarsInLog = 0;
		};
		D126BC33DC6E48B8636EFA67 /* [CP] Embed Pods Frameworks */ = {
			isa = PBXShellScriptBuildPhase;
			buildActionMask = 2147483647;
			files = (
			);
			inputFileListPaths = (
				"${PODS_ROOT}/Target Support Files/Pods-Html/Pods-Html-frameworks-${CONFIGURATION}-input-files.xcfilelist",
			);
			name = "[CP] Embed Pods Frameworks";
			outputFileListPaths = (
				"${PODS_ROOT}/Target Support Files/Pods-Html/Pods-Html-frameworks-${CONFIGURATION}-output-files.xcfilelist",
			);
			runOnlyForDeploymentPostprocessing = 0;
			shellPath = /bin/sh;
			shellScript = "\"${PODS_ROOT}/Target Support Files/Pods-Html/Pods-Html-frameworks.sh\"\n";
			showEnvVarsInLog = 0;
		};
/* End PBXShellScriptBuildPhase section */

/* Begin PBXSourcesBuildPhase section */
		7F2B5B3F2749E3E5004D440A /* Sources */ = {
			isa = PBXSourcesBuildPhase;
			buildActionMask = 2147483647;
			files = (
				7F2B5B4B2749E3E5004D440A /* ViewController.swift in Sources */,
				7F2B5B472749E3E5004D440A /* AppDelegate.swift in Sources */,
				7F2B5B492749E3E5004D440A /* SceneDelegate.swift in Sources */,
			);
			runOnlyForDeploymentPostprocessing = 0;
		};
/* End PBXSourcesBuildPhase section */

/* Begin PBXVariantGroup section */
		7F2B5B4C2749E3E5004D440A /* Main.storyboard */ = {
			isa = PBXVariantGroup;
			children = (
				7F2B5B4D2749E3E5004D440A /* Base */,
			);
			name = Main.storyboard;
			sourceTree = "<group>";
		};
		7F2B5B512749E3E6004D440A /* LaunchScreen.storyboard */ = {
			isa = PBXVariantGroup;
			children = (
				7F2B5B522749E3E6004D440A /* Base */,
			);
			name = LaunchScreen.storyboard;
			sourceTree = "<group>";
		};
/* End PBXVariantGroup section */

/* Begin XCBuildConfiguration section */
		7F2B5B552749E3E6004D440A /* Debug */ = {
			isa = XCBuildConfiguration;
			buildSettings = {
				ALWAYS_SEARCH_USER_PATHS = NO;
				CLANG_ANALYZER_NONNULL = YES;
				CLANG_ANALYZER_NUMBER_OBJECT_CONVERSION = YES_AGGRESSIVE;
				CLANG_CXX_LANGUAGE_STANDARD = "gnu++17";
				CLANG_CXX_LIBRARY = "libc++";
				CLANG_ENABLE_MODULES = YES;
				CLANG_ENABLE_OBJC_ARC = YES;
				CLANG_ENABLE_OBJC_WEAK = YES;
				CLANG_WARN_BLOCK_CAPTURE_AUTORELEASING = YES;
				CLANG_WARN_BOOL_CONVERSION = YES;
				CLANG_WARN_COMMA = YES;
				CLANG_WARN_CONSTANT_CONVERSION = YES;
				CLANG_WARN_DEPRECATED_OBJC_IMPLEMENTATIONS = YES;
				CLANG_WARN_DIRECT_OBJC_ISA_USAGE = YES_ERROR;
				CLANG_WARN_DOCUMENTATION_COMMENTS = YES;
				CLANG_WARN_EMPTY_BODY = YES;
				CLANG_WARN_ENUM_CONVERSION = YES;
				CLANG_WARN_INFINITE_RECURSION = YES;
				CLANG_WARN_INT_CONVERSION = YES;
				CLANG_WARN_NON_LITERAL_NULL_CONVERSION = YES;
				CLANG_WARN_OBJC_IMPLICIT_RETAIN_SELF = YES;
				CLANG_WARN_OBJC_LITERAL_CONVERSION = YES;
				CLANG_WARN_OBJC_ROOT_CLASS = YES_ERROR;
				CLANG_WARN_QUOTED_INCLUDE_IN_FRAMEWORK_HEADER = YES;
				CLANG_WARN_RANGE_LOOP_ANALYSIS = YES;
				CLANG_WARN_STRICT_PROTOTYPES = YES;
				CLANG_WARN_SUSPICIOUS_MOVE = YES;
				CLANG_WARN_UNGUARDED_AVAILABILITY = YES_AGGRESSIVE;
				CLANG_WARN_UNREACHABLE_CODE = YES;
				CLANG_WARN__DUPLICATE_METHOD_MATCH = YES;
				COPY_PHASE_STRIP = NO;
				DEBUG_INFORMATION_FORMAT = dwarf;
				ENABLE_STRICT_OBJC_MSGSEND = YES;
				ENABLE_TESTABILITY = YES;
				GCC_C_LANGUAGE_STANDARD = gnu11;
				GCC_DYNAMIC_NO_PIC = NO;
				GCC_NO_COMMON_BLOCKS = YES;
				GCC_OPTIMIZATION_LEVEL = 0;
				GCC_PREPROCESSOR_DEFINITIONS = (
					"DEBUG=1",
					"$(inherited)",
				);
				GCC_WARN_64_TO_32_BIT_CONVERSION = YES;
				GCC_WARN_ABOUT_RETURN_TYPE = YES_ERROR;
				GCC_WARN_UNDECLARED_SELECTOR = YES;
				GCC_WARN_UNINITIALIZED_AUTOS = YES_AGGRESSIVE;
				GCC_WARN_UNUSED_FUNCTION = YES;
				GCC_WARN_UNUSED_VARIABLE = YES;
				IPHONEOS_DEPLOYMENT_TARGET = 15.0;
				MTL_ENABLE_DEBUG_INFO = INCLUDE_SOURCE;
				MTL_FAST_MATH = YES;
				ONLY_ACTIVE_ARCH = YES;
				SDKROOT = iphoneos;
				SWIFT_ACTIVE_COMPILATION_CONDITIONS = DEBUG;
				SWIFT_OPTIMIZATION_LEVEL = "-Onone";
			};
			name = Debug;
		};
		7F2B5B562749E3E6004D440A /* Release */ = {
			isa = XCBuildConfiguration;
			buildSettings = {
				ALWAYS_SEARCH_USER_PATHS = NO;
				CLANG_ANALYZER_NONNULL = YES;
				CLANG_ANALYZER_NUMBER_OBJECT_CONVERSION = YES_AGGRESSIVE;
				CLANG_CXX_LANGUAGE_STANDARD = "gnu++17";
				CLANG_CXX_LIBRARY = "libc++";
				CLANG_ENABLE_MODULES = YES;
				CLANG_ENABLE_OBJC_ARC = YES;
				CLANG_ENABLE_OBJC_WEAK = YES;
				CLANG_WARN_BLOCK_CAPTURE_AUTORELEASING = YES;
				CLANG_WARN_BOOL_CONVERSION = YES;
				CLANG_WARN_COMMA = YES;
				CLANG_WARN_CONSTANT_CONVERSION = YES;
				CLANG_WARN_DEPRECATED_OBJC_IMPLEMENTATIONS = YES;
				CLANG_WARN_DIRECT_OBJC_ISA_USAGE = YES_ERROR;
				CLANG_WARN_DOCUMENTATION_COMMENTS = YES;
				CLANG_WARN_EMPTY_BODY = YES;
				CLANG_WARN_ENUM_CONVERSION = YES;
				CLANG_WARN_INFINITE_RECURSION = YES;
				CLANG_WARN_INT_CONVERSION = YES;
				CLANG_WARN_NON_LITERAL_NULL_CONVERSION = YES;
				CLANG_WARN_OBJC_IMPLICIT_RETAIN_SELF = YES;
				CLANG_WARN_OBJC_LITERAL_CONVERSION = YES;
				CLANG_WARN_OBJC_ROOT_CLASS = YES_ERROR;
				CLANG_WARN_QUOTED_INCLUDE_IN_FRAMEWORK_HEADER = YES;
				CLANG_WARN_RANGE_LOOP_ANALYSIS = YES;
				CLANG_WARN_STRICT_PROTOTYPES = YES;
				CLANG_WARN_SUSPICIOUS_MOVE = YES;
				CLANG_WARN_UNGUARDED_AVAILABILITY = YES_AGGRESSIVE;
				CLANG_WARN_UNREACHABLE_CODE = YES;
				CLANG_WARN__DUPLICATE_METHOD_MATCH = YES;
				COPY_PHASE_STRIP = NO;
				DEBUG_INFORMATION_FORMAT = "dwarf-with-dsym";
				ENABLE_NS_ASSERTIONS = NO;
				ENABLE_STRICT_OBJC_MSGSEND = YES;
				GCC_C_LANGUAGE_STANDARD = gnu11;
				GCC_NO_COMMON_BLOCKS = YES;
				GCC_WARN_64_TO_32_BIT_CONVERSION = YES;
				GCC_WARN_ABOUT_RETURN_TYPE = YES_ERROR;
				GCC_WARN_UNDECLARED_SELECTOR = YES;
				GCC_WARN_UNINITIALIZED_AUTOS = YES_AGGRESSIVE;
				GCC_WARN_UNUSED_FUNCTION = YES;
				GCC_WARN_UNUSED_VARIABLE = YES;
				IPHONEOS_DEPLOYMENT_TARGET = 15.0;
				MTL_ENABLE_DEBUG_INFO = NO;
				MTL_FAST_MATH = YES;
				SDKROOT = iphoneos;
				SWIFT_COMPILATION_MODE = wholemodule;
				SWIFT_OPTIMIZATION_LEVEL = "-O";
				VALIDATE_PRODUCT = YES;
			};
			name = Release;
		};
		7F2B5B582749E3E6004D440A /* Debug */ = {
			isa = XCBuildConfiguration;
			baseConfigurationReference = 90BF7050CA20944550BF5ECA /* Pods-Html.debug.xcconfig */;
			buildSettings = {
				ASSETCATALOG_COMPILER_APPICON_NAME = AppIcon;
				ASSETCATALOG_COMPILER_GLOBAL_ACCENT_COLOR_NAME = AccentColor;
				CODE_SIGN_STYLE = Automatic;
				CURRENT_PROJECT_VERSION = 1;
				DEVELOPMENT_TEAM = SWH2R7NJX7;
				GENERATE_INFOPLIST_FILE = YES;
				INFOPLIST_FILE = Html/Info.plist;
				INFOPLIST_KEY_UIApplicationSupportsIndirectInputEvents = YES;
				INFOPLIST_KEY_UILaunchStoryboardName = LaunchScreen;
				INFOPLIST_KEY_UIMainStoryboardFile = Main;
				INFOPLIST_KEY_UISupportedInterfaceOrientations = UIInterfaceOrientationPortrait;
				INFOPLIST_KEY_UISupportedInterfaceOrientations_iPad = "UIInterfaceOrientationPortrait UIInterfaceOrientationPortraitUpsideDown UIInterfaceOrientationLandscapeLeft UIInterfaceOrientationLandscapeRight";
				INFOPLIST_KEY_UISupportedInterfaceOrientations_iPhone = "UIInterfaceOrientationPortrait UIInterfaceOrientationLandscapeLeft UIInterfaceOrientationLandscapeRight";
				LD_RUNPATH_SEARCH_PATHS = (
					"$(inherited)",
					"@executable_path/Frameworks",
				);
				MARKETING_VERSION = 1.0;
				PRODUCT_BUNDLE_IDENTIFIER = "com.nifty-bxi00673.Html";
				PRODUCT_NAME = "$(TARGET_NAME)";
				SWIFT_EMIT_LOC_STRINGS = YES;
				SWIFT_VERSION = 5.0;
				TARGETED_DEVICE_FAMILY = 1;
			};
			name = Debug;
		};
		7F2B5B592749E3E6004D440A /* Release */ = {
			isa = XCBuildConfiguration;
			baseConfigurationReference = 0DE05AC8D77E265B652CD314 /* Pods-Html.release.xcconfig */;
			buildSettings = {
				ASSETCATALOG_COMPILER_APPICON_NAME = AppIcon;
				ASSETCATALOG_COMPILER_GLOBAL_ACCENT_COLOR_NAME = AccentColor;
				CODE_SIGN_STYLE = Automatic;
				CURRENT_PROJECT_VERSION = 1;
				DEVELOPMENT_TEAM = SWH2R7NJX7;
				GENERATE_INFOPLIST_FILE = YES;
				INFOPLIST_FILE = Html/Info.plist;
				INFOPLIST_KEY_UIApplicationSupportsIndirectInputEvents = YES;
				INFOPLIST_KEY_UILaunchStoryboardName = LaunchScreen;
				INFOPLIST_KEY_UIMainStoryboardFile = Main;
				INFOPLIST_KEY_UISupportedInterfaceOrientations = UIInterfaceOrientationPortrait;
				INFOPLIST_KEY_UISupportedInterfaceOrientations_iPad = "UIInterfaceOrientationPortrait UIInterfaceOrientationPortraitUpsideDown UIInterfaceOrientationLandscapeLeft UIInterfaceOrientationLandscapeRight";
				INFOPLIST_KEY_UISupportedInterfaceOrientations_iPhone = "UIInterfaceOrientationPortrait UIInterfaceOrientationLandscapeLeft UIInterfaceOrientationLandscapeRight";
				LD_RUNPATH_SEARCH_PATHS = (
					"$(inherited)",
					"@executable_path/Frameworks",
				);
				MARKETING_VERSION = 1.0;
				PRODUCT_BUNDLE_IDENTIFIER = "com.nifty-bxi00673.Html";
				PRODUCT_NAME = "$(TARGET_NAME)";
				SWIFT_EMIT_LOC_STRINGS = YES;
				SWIFT_VERSION = 5.0;
				TARGETED_DEVICE_FAMILY = 1;
			};
			name = Release;
		};
/* End XCBuildConfiguration section */

/* Begin XCConfigurationList section */
		7F2B5B3E2749E3E5004D440A /* Build configuration list for PBXProject "Html" */ = {
			isa = XCConfigurationList;
			buildConfigurations = (
				7F2B5B552749E3E6004D440A /* Debug */,
				7F2B5B562749E3E6004D440A /* Release */,
			);
			defaultConfigurationIsVisible = 0;
			defaultConfigurationName = Release;
		};
		7F2B5B572749E3E6004D440A /* Build configuration list for PBXNativeTarget "Html" */ = {
			isa = XCConfigurationList;
			buildConfigurations = (
				7F2B5B582749E3E6004D440A /* Debug */,
				7F2B5B592749E3E6004D440A /* Release */,
			);
			defaultConfigurationIsVisible = 0;
			defaultConfigurationName = Release;
		};
/* End XCConfigurationList section */
	};
	rootObject = 7F2B5B3B2749E3E5004D440A /* Project object */;
}
